// !$*UTF8*$!
{
	archiveVersion = 1;
	classes = {
	};
	objectVersion = 46;
	objects = {

/* Begin PBXBuildFile section */
		53A081D31834B9920080CD6D /* UIKit.framework in Frameworks */ = {isa = PBXBuildFile; fileRef = 53A081D21834B9920080CD6D /* UIKit.framework */; };
		53A081D51834B9920080CD6D /* Foundation.framework in Frameworks */ = {isa = PBXBuildFile; fileRef = 53A081D41834B9920080CD6D /* Foundation.framework */; };
		53A081D71834B9920080CD6D /* CoreGraphics.framework in Frameworks */ = {isa = PBXBuildFile; fileRef = 53A081D61834B9920080CD6D /* CoreGraphics.framework */; };
		53A081DD1834B9920080CD6D /* InfoPlist.strings in Resources */ = {isa = PBXBuildFile; fileRef = 53A081DB1834B9920080CD6D /* InfoPlist.strings */; };
		53A081DF1834B9920080CD6D /* main.m in Sources */ = {isa = PBXBuildFile; fileRef = 53A081DE1834B9920080CD6D /* main.m */; };
		53A081E31834B9920080CD6D /* AppDelegate.m in Sources */ = {isa = PBXBuildFile; fileRef = 53A081E21834B9920080CD6D /* AppDelegate.m */; };
		53A081E51834B9920080CD6D /* Default.png in Resources */ = {isa = PBXBuildFile; fileRef = 53A081E41834B9920080CD6D /* Default.png */; };
		53A081E71834B9920080CD6D /* Default@2x.png in Resources */ = {isa = PBXBuildFile; fileRef = 53A081E61834B9920080CD6D /* Default@2x.png */; };
		53A081E91834B9920080CD6D /* Default-568h@2x.png in Resources */ = {isa = PBXBuildFile; fileRef = 53A081E81834B9920080CD6D /* Default-568h@2x.png */; };
		53A081EC1834B9920080CD6D /* ViewController.m in Sources */ = {isa = PBXBuildFile; fileRef = 53A081EB1834B9920080CD6D /* ViewController.m */; };
		53A081EF1834B9920080CD6D /* ViewController_iPhone.xib in Resources */ = {isa = PBXBuildFile; fileRef = 53A081ED1834B9920080CD6D /* ViewController_iPhone.xib */; };
		53A081F21834B9920080CD6D /* ViewController_iPad.xib in Resources */ = {isa = PBXBuildFile; fileRef = 53A081F01834B9920080CD6D /* ViewController_iPad.xib */; };
/* End PBXBuildFile section */

/* Begin PBXFileReference section */
		53A081CF1834B9920080CD6D /* PeexTest.app */ = {isa = PBXFileReference; explicitFileType = wrapper.application; includeInIndex = 0; path = PeexTest.app; sourceTree = BUILT_PRODUCTS_DIR; };
		53A081D21834B9920080CD6D /* UIKit.framework */ = {isa = PBXFileReference; lastKnownFileType = wrapper.framework; name = UIKit.framework; path = System/Library/Frameworks/UIKit.framework; sourceTree = SDKROOT; };
		53A081D41834B9920080CD6D /* Foundation.framework */ = {isa = PBXFileReference; lastKnownFileType = wrapper.framework; name = Foundation.framework; path = System/Library/Frameworks/Foundation.framework; sourceTree = SDKROOT; };
		53A081D61834B9920080CD6D /* CoreGraphics.framework */ = {isa = PBXFileReference; lastKnownFileType = wrapper.framework; name = CoreGraphics.framework; path = System/Library/Frameworks/CoreGraphics.framework; sourceTree = SDKROOT; };
		53A081DA1834B9920080CD6D /* PeexTest-Info.plist */ = {isa = PBXFileReference; lastKnownFileType = text.plist.xml; path = "PeexTest-Info.plist"; sourceTree = "<group>"; };
		53A081DC1834B9920080CD6D /* en */ = {isa = PBXFileReference; lastKnownFileType = text.plist.strings; name = en; path = en.lproj/InfoPlist.strings; sourceTree = "<group>"; };
		53A081DE1834B9920080CD6D /* main.m */ = {isa = PBXFileReference; lastKnownFileType = sourcecode.c.objc; path = main.m; sourceTree = "<group>"; };
		53A081E01834B9920080CD6D /* PeexTest-Prefix.pch */ = {isa = PBXFileReference; lastKnownFileType = sourcecode.c.h; path = "PeexTest-Prefix.pch"; sourceTree = "<group>"; };
		53A081E11834B9920080CD6D /* AppDelegate.h */ = {isa = PBXFileReference; lastKnownFileType = sourcecode.c.h; path = AppDelegate.h; sourceTree = "<group>"; };
		53A081E21834B9920080CD6D /* AppDelegate.m */ = {isa = PBXFileReference; lastKnownFileType = sourcecode.c.objc; path = AppDelegate.m; sourceTree = "<group>"; };
		53A081E41834B9920080CD6D /* Default.png */ = {isa = PBXFileReference; lastKnownFileType = image.png; path = Default.png; sourceTree = "<group>"; };
		53A081E61834B9920080CD6D /* Default@2x.png */ = {isa = PBXFileReference; lastKnownFileType = image.png; path = "Default@2x.png"; sourceTree = "<group>"; };
		53A081E81834B9920080CD6D /* Default-568h@2x.png */ = {isa = PBXFileReference; lastKnownFileType = image.png; path = "Default-568h@2x.png"; sourceTree = "<group>"; };
		53A081EA1834B9920080CD6D /* ViewController.h */ = {isa = PBXFileReference; lastKnownFileType = sourcecode.c.h; path = ViewController.h; sourceTree = "<group>"; };
		53A081EB1834B9920080CD6D /* ViewController.m */ = {isa = PBXFileReference; lastKnownFileType = sourcecode.c.objc; path = ViewController.m; sourceTree = "<group>"; };
		53A081EE1834B9920080CD6D /* en */ = {isa = PBXFileReference; lastKnownFileType = file.xib; name = en; path = en.lproj/ViewController_iPhone.xib; sourceTree = "<group>"; };
		53A081F11834B9920080CD6D /* en */ = {isa = PBXFileReference; lastKnownFileType = file.xib; name = en; path = en.lproj/ViewController_iPad.xib; sourceTree = "<group>"; };
/* End PBXFileReference section */

/* Begin PBXFrameworksBuildPhase section */
		53A081CC1834B9920080CD6D /* Frameworks */ = {
			isa = PBXFrameworksBuildPhase;
			buildActionMask = 2147483647;
			files = (
				53A081D31834B9920080CD6D /* UIKit.framework in Frameworks */,
				53A081D51834B9920080CD6D /* Foundation.framework in Frameworks */,
				53A081D71834B9920080CD6D /* CoreGraphics.framework in Frameworks */,
			);
			runOnlyForDeploymentPostprocessing = 0;
		};
/* End PBXFrameworksBuildPhase section */

/* Begin PBXGroup section */
		53A081C61834B9910080CD6D = {
			isa = PBXGroup;
			children = (
				53A081D81834B9920080CD6D /* PeexTest */,
				53A081D11834B9920080CD6D /* Frameworks */,
				53A081D01834B9920080CD6D /* Products */,
			);
			sourceTree = "<group>";
		};
		53A081D01834B9920080CD6D /* Products */ = {
			isa = PBXGroup;
			children = (
				53A081CF1834B9920080CD6D /* PeexTest.app */,
			);
			name = Products;
			sourceTree = "<group>";
		};
		53A081D11834B9920080CD6D /* Frameworks */ = {
			isa = PBXGroup;
			children = (
				53A081D21834B9920080CD6D /* UIKit.framework */,
				53A081D41834B9920080CD6D /* Foundation.framework */,
				53A081D61834B9920080CD6D /* CoreGraphics.framework */,
			);
			name = Frameworks;
			sourceTree = "<group>";
		};
		53A081D81834B9920080CD6D /* PeexTest */ = {
			isa = PBXGroup;
			children = (
				53A081E11834B9920080CD6D /* AppDelegate.h */,
				53A081E21834B9920080CD6D /* AppDelegate.m */,
				53A081EA1834B9920080CD6D /* ViewController.h */,
				53A081EB1834B9920080CD6D /* ViewController.m */,
				53A081ED1834B9920080CD6D /* ViewController_iPhone.xib */,
				53A081F01834B9920080CD6D /* ViewController_iPad.xib */,
				53A081D91834B9920080CD6D /* Supporting Files */,
			);
			path = PeexTest;
			sourceTree = "<group>";
		};
		53A081D91834B9920080CD6D /* Supporting Files */ = {
			isa = PBXGroup;
			children = (
				53A081DA1834B9920080CD6D /* PeexTest-Info.plist */,
				53A081DB1834B9920080CD6D /* InfoPlist.strings */,
				53A081DE1834B9920080CD6D /* main.m */,
				53A081E01834B9920080CD6D /* PeexTest-Prefix.pch */,
				53A081E41834B9920080CD6D /* Default.png */,
				53A081E61834B9920080CD6D /* Default@2x.png */,
				53A081E81834B9920080CD6D /* Default-568h@2x.png */,
			);
			name = "Supporting Files";
			sourceTree = "<group>";
		};
/* End PBXGroup section */

/* Begin PBXNativeTarget section */
		53A081CE1834B9920080CD6D /* PeexTest */ = {
			isa = PBXNativeTarget;
			buildConfigurationList = 53A081F51834B9920080CD6D /* Build configuration list for PBXNativeTarget "PeexTest" */;
			buildPhases = (
				53A081CB1834B9920080CD6D /* Sources */,
				53A081CC1834B9920080CD6D /* Frameworks */,
				53A081CD1834B9920080CD6D /* Resources */,
			);
			buildRules = (
			);
			dependencies = (
			);
			name = PeexTest;
			productName = PeexTest;
			productReference = 53A081CF1834B9920080CD6D /* PeexTest.app */;
			productType = "com.apple.product-type.application";
		};
/* End PBXNativeTarget section */

/* Begin PBXProject section */
		53A081C71834B9910080CD6D /* Project object */ = {
			isa = PBXProject;
			attributes = {
				LastUpgradeCheck = 0460;
				ORGANIZATIONNAME = hanbo;
			};
			buildConfigurationList = 53A081CA1834B9920080CD6D /* Build configuration list for PBXProject "PeexTest" */;
			compatibilityVersion = "Xcode 3.2";
			developmentRegion = English;
			hasScannedForEncodings = 0;
			knownRegions = (
				en,
			);
			mainGroup = 53A081C61834B9910080CD6D;
			productRefGroup = 53A081D01834B9920080CD6D /* Products */;
			projectDirPath = "";
			projectRoot = "";
			targets = (
				53A081CE1834B9920080CD6D /* PeexTest */,
			);
		};
/* End PBXProject section */

/* Begin PBXResourcesBuildPhase section */
		53A081CD1834B9920080CD6D /* Resources */ = {
			isa = PBXResourcesBuildPhase;
			buildActionMask = 2147483647;
			files = (
				53A081DD1834B9920080CD6D /* InfoPlist.strings in Resources */,
				53A081E51834B9920080CD6D /* Default.png in Resources */,
				53A081E71834B9920080CD6D /* Default@2x.png in Resources */,
				53A081E91834B9920080CD6D /* Default-568h@2x.png in Resources */,
				53A081EF1834B9920080CD6D /* ViewController_iPhone.xib in Resources */,
				53A081F21834B9920080CD6D /* ViewController_iPad.xib in Resources */,
			);
			runOnlyForDeploymentPostprocessing = 0;
		};
/* End PBXResourcesBuildPhase section */

/* Begin PBXSourcesBuildPhase section */
		53A081CB1834B9920080CD6D /* Sources */ = {
			isa = PBXSourcesBuildPhase;
			buildActionMask = 2147483647;
			files = (
				53A081DF1834B9920080CD6D /* main.m in Sources */,
				53A081E31834B9920080CD6D /* AppDelegate.m in Sources */,
				53A081EC1834B9920080CD6D /* ViewController.m in Sources */,
			);
			runOnlyForDeploymentPostprocessing = 0;
		};
/* End PBXSourcesBuildPhase section */

/* Begin PBXVariantGroup section */
		53A081DB1834B9920080CD6D /* InfoPlist.strings */ = {
			isa = PBXVariantGroup;
			children = (
				53A081DC1834B9920080CD6D /* en */,
			);
			name = InfoPlist.strings;
			sourceTree = "<group>";
		};
		53A081ED1834B9920080CD6D /* ViewController_iPhone.xib */ = {
			isa = PBXVariantGroup;
			children = (
				53A081EE1834B9920080CD6D /* en */,
			);
			name = ViewController_iPhone.xib;
			sourceTree = "<group>";
		};
		53A081F01834B9920080CD6D /* ViewController_iPad.xib */ = {
			isa = PBXVariantGroup;
			children = (
				53A081F11834B9920080CD6D /* en */,
			);
			name = ViewController_iPad.xib;
			sourceTree = "<group>";
		};
/* End PBXVariantGroup section */

/* Begin XCBuildConfiguration section */
		53A081F31834B9920080CD6D /* Debug */ = {
			isa = XCBuildConfiguration;
			buildSettings = {
				ALWAYS_SEARCH_USER_PATHS = NO;
				CLANG_CXX_LANGUAGE_STANDARD = "gnu++0x";
				CLANG_CXX_LIBRARY = "libc++";
				CLANG_WARN_CONSTANT_CONVERSION = YES;
				CLANG_WARN_EMPTY_BODY = YES;
				CLANG_WARN_ENUM_CONVERSION = YES;
				CLANG_WARN_INT_CONVERSION = YES;
				CLANG_WARN__DUPLICATE_METHOD_MATCH = YES;
				"CODE_SIGN_IDENTITY[sdk=iphoneos*]" = "iPhone Developer";
				COPY_PHASE_STRIP = NO;
				GCC_C_LANGUAGE_STANDARD = gnu99;
				GCC_DYNAMIC_NO_PIC = NO;
				GCC_OPTIMIZATION_LEVEL = 0;
				GCC_PREPROCESSOR_DEFINITIONS = (
					"DEBUG=1",
					"$(inherited)",
				);
				GCC_SYMBOLS_PRIVATE_EXTERN = NO;
				GCC_WARN_ABOUT_RETURN_TYPE = YES;
				GCC_WARN_UNINITIALIZED_AUTOS = YES;
				GCC_WARN_UNUSED_VARIABLE = YES;
				IPHONEOS_DEPLOYMENT_TARGET = 6.1;
				ONLY_ACTIVE_ARCH = YES;
				SDKROOT = iphoneos;
				TARGETED_DEVICE_FAMILY = "1,2";
			};
			name = Debug;
		};
		53A081F41834B9920080CD6D /* Release */ = {
			isa = XCBuildConfiguration;
			buildSettings = {
				ALWAYS_SEARCH_USER_PATHS = NO;
				CLANG_CXX_LANGUAGE_STANDARD = "gnu++0x";
				CLANG_CXX_LIBRARY = "libc++";
				CLANG_WARN_CONSTANT_CONVERSION = YES;
				CLANG_WARN_EMPTY_BODY = YES;
				CLANG_WARN_ENUM_CONVERSION = YES;
				CLANG_WARN_INT_CONVERSION = YES;
				CLANG_WARN__DUPLICATE_METHOD_MATCH = YES;
				"CODE_SIGN_IDENTITY[sdk=iphoneos*]" = "iPhone Developer";
				COPY_PHASE_STRIP = YES;
				GCC_C_LANGUAGE_STANDARD = gnu99;
				GCC_WARN_ABOUT_RETURN_TYPE = YES;
				GCC_WARN_UNINITIALIZED_AUTOS = YES;
				GCC_WARN_UNUSED_VARIABLE = YES;
				IPHONEOS_DEPLOYMENT_TARGET = 6.1;
				OTHER_CFLAGS = "-DNS_BLOCK_ASSERTIONS=1";
				SDKROOT = iphoneos;
				TARGETED_DEVICE_FAMILY = "1,2";
				VALIDATE_PRODUCT = YES;
			};
			name = Release;
		};
		53A081F61834B9920080CD6D /* Debug */ = {
			isa = XCBuildConfiguration;
			buildSettings = {
				GCC_PRECOMPILE_PREFIX_HEADER = YES;
				GCC_PREFIX_HEADER = "PeexTest/PeexTest-Prefix.pch";
				INFOPLIST_FILE = "PeexTest/PeexTest-Info.plist";
				PRODUCT_NAME = "$(TARGET_NAME)";
				WRAPPER_EXTENSION = app;
			};
			name = Debug;
		};
		53A081F71834B9920080CD6D /* Release */ = {
			isa = XCBuildConfiguration;
			buildSettings = {
				GCC_PRECOMPILE_PREFIX_HEADER = YES;
				GCC_PREFIX_HEADER = "PeexTest/PeexTest-Prefix.pch";
				INFOPLIST_FILE = "PeexTest/PeexTest-Info.plist";
				PRODUCT_NAME = "$(TARGET_NAME)";
				WRAPPER_EXTENSION = app;
			};
			name = Release;
		};
/* End XCBuildConfiguration section */

/* Begin XCConfigurationList section */
		53A081CA1834B9920080CD6D /* Build configuration list for PBXProject "PeexTest" */ = {
			isa = XCConfigurationList;
			buildConfigurations = (
				53A081F31834B9920080CD6D /* Debug */,
				53A081F41834B9920080CD6D /* Release */,
			);
			defaultConfigurationIsVisible = 0;
			defaultConfigurationName = Release;
		};
		53A081F51834B9920080CD6D /* Build configuration list for PBXNativeTarget "PeexTest" */ = {
			isa = XCConfigurationList;
			buildConfigurations = (
				53A081F61834B9920080CD6D /* Debug */,
				53A081F71834B9920080CD6D /* Release */,
			);
			defaultConfigurationIsVisible = 0;
		};
/* End XCConfigurationList section */
	};
	rootObject = 53A081C71834B9910080CD6D /* Project object */;
}
