// !$*UTF8*$!
{
	archiveVersion = 1;
	classes = {
	};
	objectVersion = 46;
	objects = {

/* Begin PBXBuildFile section */
		53AEED471818C1BA00940871 /* UIKit.framework in Frameworks */ = {isa = PBXBuildFile; fileRef = 53AEED461818C1BA00940871 /* UIKit.framework */; };
		53AEED491818C1BA00940871 /* Foundation.framework in Frameworks */ = {isa = PBXBuildFile; fileRef = 53AEED481818C1BA00940871 /* Foundation.framework */; };
		53AEED4B1818C1BA00940871 /* CoreGraphics.framework in Frameworks */ = {isa = PBXBuildFile; fileRef = 53AEED4A1818C1BA00940871 /* CoreGraphics.framework */; };
		53AEED511818C1BA00940871 /* InfoPlist.strings in Resources */ = {isa = PBXBuildFile; fileRef = 53AEED4F1818C1BA00940871 /* InfoPlist.strings */; };
		53AEED531818C1BA00940871 /* main.m in Sources */ = {isa = PBXBuildFile; fileRef = 53AEED521818C1BA00940871 /* main.m */; };
		53AEED571818C1BA00940871 /* AppDelegate.m in Sources */ = {isa = PBXBuildFile; fileRef = 53AEED561818C1BA00940871 /* AppDelegate.m */; };
		53AEED591818C1BA00940871 /* Default.png in Resources */ = {isa = PBXBuildFile; fileRef = 53AEED581818C1BA00940871 /* Default.png */; };
		53AEED5B1818C1BB00940871 /* Default@2x.png in Resources */ = {isa = PBXBuildFile; fileRef = 53AEED5A1818C1BA00940871 /* Default@2x.png */; };
		53AEED5D1818C1BB00940871 /* Default-568h@2x.png in Resources */ = {isa = PBXBuildFile; fileRef = 53AEED5C1818C1BB00940871 /* Default-568h@2x.png */; };
		53AEED601818C1BB00940871 /* ViewController.m in Sources */ = {isa = PBXBuildFile; fileRef = 53AEED5F1818C1BB00940871 /* ViewController.m */; };
		53AEED631818C1BB00940871 /* ViewController_iPhone.xib in Resources */ = {isa = PBXBuildFile; fileRef = 53AEED611818C1BB00940871 /* ViewController_iPhone.xib */; };
		53AEED661818C1BB00940871 /* ViewController_iPad.xib in Resources */ = {isa = PBXBuildFile; fileRef = 53AEED641818C1BB00940871 /* ViewController_iPad.xib */; };
/* End PBXBuildFile section */

/* Begin PBXFileReference section */
		53AEED431818C1BA00940871 /* Contrast.app */ = {isa = PBXFileReference; explicitFileType = wrapper.application; includeInIndex = 0; path = Contrast.app; sourceTree = BUILT_PRODUCTS_DIR; };
		53AEED461818C1BA00940871 /* UIKit.framework */ = {isa = PBXFileReference; lastKnownFileType = wrapper.framework; name = UIKit.framework; path = System/Library/Frameworks/UIKit.framework; sourceTree = SDKROOT; };
		53AEED481818C1BA00940871 /* Foundation.framework */ = {isa = PBXFileReference; lastKnownFileType = wrapper.framework; name = Foundation.framework; path = System/Library/Frameworks/Foundation.framework; sourceTree = SDKROOT; };
		53AEED4A1818C1BA00940871 /* CoreGraphics.framework */ = {isa = PBXFileReference; lastKnownFileType = wrapper.framework; name = CoreGraphics.framework; path = System/Library/Frameworks/CoreGraphics.framework; sourceTree = SDKROOT; };
		53AEED4E1818C1BA00940871 /* Contrast-Info.plist */ = {isa = PBXFileReference; lastKnownFileType = text.plist.xml; path = "Contrast-Info.plist"; sourceTree = "<group>"; };
		53AEED501818C1BA00940871 /* en */ = {isa = PBXFileReference; lastKnownFileType = text.plist.strings; name = en; path = en.lproj/InfoPlist.strings; sourceTree = "<group>"; };
		53AEED521818C1BA00940871 /* main.m */ = {isa = PBXFileReference; lastKnownFileType = sourcecode.c.objc; path = main.m; sourceTree = "<group>"; };
		53AEED541818C1BA00940871 /* Contrast-Prefix.pch */ = {isa = PBXFileReference; lastKnownFileType = sourcecode.c.h; path = "Contrast-Prefix.pch"; sourceTree = "<group>"; };
		53AEED551818C1BA00940871 /* AppDelegate.h */ = {isa = PBXFileReference; lastKnownFileType = sourcecode.c.h; path = AppDelegate.h; sourceTree = "<group>"; };
		53AEED561818C1BA00940871 /* AppDelegate.m */ = {isa = PBXFileReference; lastKnownFileType = sourcecode.c.objc; path = AppDelegate.m; sourceTree = "<group>"; };
		53AEED581818C1BA00940871 /* Default.png */ = {isa = PBXFileReference; lastKnownFileType = image.png; path = Default.png; sourceTree = "<group>"; };
		53AEED5A1818C1BA00940871 /* Default@2x.png */ = {isa = PBXFileReference; lastKnownFileType = image.png; path = "Default@2x.png"; sourceTree = "<group>"; };
		53AEED5C1818C1BB00940871 /* Default-568h@2x.png */ = {isa = PBXFileReference; lastKnownFileType = image.png; path = "Default-568h@2x.png"; sourceTree = "<group>"; };
		53AEED5E1818C1BB00940871 /* ViewController.h */ = {isa = PBXFileReference; lastKnownFileType = sourcecode.c.h; path = ViewController.h; sourceTree = "<group>"; };
		53AEED5F1818C1BB00940871 /* ViewController.m */ = {isa = PBXFileReference; lastKnownFileType = sourcecode.c.objc; path = ViewController.m; sourceTree = "<group>"; };
		53AEED621818C1BB00940871 /* en */ = {isa = PBXFileReference; lastKnownFileType = file.xib; name = en; path = en.lproj/ViewController_iPhone.xib; sourceTree = "<group>"; };
		53AEED651818C1BB00940871 /* en */ = {isa = PBXFileReference; lastKnownFileType = file.xib; name = en; path = en.lproj/ViewController_iPad.xib; sourceTree = "<group>"; };
/* End PBXFileReference section */

/* Begin PBXFrameworksBuildPhase section */
		53AEED401818C1BA00940871 /* Frameworks */ = {
			isa = PBXFrameworksBuildPhase;
			buildActionMask = 2147483647;
			files = (
				53AEED471818C1BA00940871 /* UIKit.framework in Frameworks */,
				53AEED491818C1BA00940871 /* Foundation.framework in Frameworks */,
				53AEED4B1818C1BA00940871 /* CoreGraphics.framework in Frameworks */,
			);
			runOnlyForDeploymentPostprocessing = 0;
		};
/* End PBXFrameworksBuildPhase section */

/* Begin PBXGroup section */
		53AEED3A1818C1BA00940871 = {
			isa = PBXGroup;
			children = (
				53AEED4C1818C1BA00940871 /* Contrast */,
				53AEED451818C1BA00940871 /* Frameworks */,
				53AEED441818C1BA00940871 /* Products */,
			);
			sourceTree = "<group>";
		};
		53AEED441818C1BA00940871 /* Products */ = {
			isa = PBXGroup;
			children = (
				53AEED431818C1BA00940871 /* Contrast.app */,
			);
			name = Products;
			sourceTree = "<group>";
		};
		53AEED451818C1BA00940871 /* Frameworks */ = {
			isa = PBXGroup;
			children = (
				53AEED461818C1BA00940871 /* UIKit.framework */,
				53AEED481818C1BA00940871 /* Foundation.framework */,
				53AEED4A1818C1BA00940871 /* CoreGraphics.framework */,
			);
			name = Frameworks;
			sourceTree = "<group>";
		};
		53AEED4C1818C1BA00940871 /* Contrast */ = {
			isa = PBXGroup;
			children = (
				53AEED551818C1BA00940871 /* AppDelegate.h */,
				53AEED561818C1BA00940871 /* AppDelegate.m */,
				53AEED5E1818C1BB00940871 /* ViewController.h */,
				53AEED5F1818C1BB00940871 /* ViewController.m */,
				53AEED611818C1BB00940871 /* ViewController_iPhone.xib */,
				53AEED641818C1BB00940871 /* ViewController_iPad.xib */,
				53AEED4D1818C1BA00940871 /* Supporting Files */,
			);
			path = Contrast;
			sourceTree = "<group>";
		};
		53AEED4D1818C1BA00940871 /* Supporting Files */ = {
			isa = PBXGroup;
			children = (
				53AEED4E1818C1BA00940871 /* Contrast-Info.plist */,
				53AEED4F1818C1BA00940871 /* InfoPlist.strings */,
				53AEED521818C1BA00940871 /* main.m */,
				53AEED541818C1BA00940871 /* Contrast-Prefix.pch */,
				53AEED581818C1BA00940871 /* Default.png */,
				53AEED5A1818C1BA00940871 /* Default@2x.png */,
				53AEED5C1818C1BB00940871 /* Default-568h@2x.png */,
			);
			name = "Supporting Files";
			sourceTree = "<group>";
		};
/* End PBXGroup section */

/* Begin PBXNativeTarget section */
		53AEED421818C1BA00940871 /* Contrast */ = {
			isa = PBXNativeTarget;
			buildConfigurationList = 53AEED691818C1BB00940871 /* Build configuration list for PBXNativeTarget "Contrast" */;
			buildPhases = (
				53AEED3F1818C1BA00940871 /* Sources */,
				53AEED401818C1BA00940871 /* Frameworks */,
				53AEED411818C1BA00940871 /* Resources */,
			);
			buildRules = (
			);
			dependencies = (
			);
			name = Contrast;
			productName = Contrast;
			productReference = 53AEED431818C1BA00940871 /* Contrast.app */;
			productType = "com.apple.product-type.application";
		};
/* End PBXNativeTarget section */

/* Begin PBXProject section */
		53AEED3B1818C1BA00940871 /* Project object */ = {
			isa = PBXProject;
			attributes = {
				LastUpgradeCheck = 0460;
				ORGANIZATIONNAME = hanbo;
			};
			buildConfigurationList = 53AEED3E1818C1BA00940871 /* Build configuration list for PBXProject "Contrast" */;
			compatibilityVersion = "Xcode 3.2";
			developmentRegion = English;
			hasScannedForEncodings = 0;
			knownRegions = (
				en,
			);
			mainGroup = 53AEED3A1818C1BA00940871;
			productRefGroup = 53AEED441818C1BA00940871 /* Products */;
			projectDirPath = "";
			projectRoot = "";
			targets = (
				53AEED421818C1BA00940871 /* Contrast */,
			);
		};
/* End PBXProject section */

/* Begin PBXResourcesBuildPhase section */
		53AEED411818C1BA00940871 /* Resources */ = {
			isa = PBXResourcesBuildPhase;
			buildActionMask = 2147483647;
			files = (
				53AEED511818C1BA00940871 /* InfoPlist.strings in Resources */,
				53AEED591818C1BA00940871 /* Default.png in Resources */,
				53AEED5B1818C1BB00940871 /* Default@2x.png in Resources */,
				53AEED5D1818C1BB00940871 /* Default-568h@2x.png in Resources */,
				53AEED631818C1BB00940871 /* ViewController_iPhone.xib in Resources */,
				53AEED661818C1BB00940871 /* ViewController_iPad.xib in Resources */,
			);
			runOnlyForDeploymentPostprocessing = 0;
		};
/* End PBXResourcesBuildPhase section */

/* Begin PBXSourcesBuildPhase section */
		53AEED3F1818C1BA00940871 /* Sources */ = {
			isa = PBXSourcesBuildPhase;
			buildActionMask = 2147483647;
			files = (
				53AEED531818C1BA00940871 /* main.m in Sources */,
				53AEED571818C1BA00940871 /* AppDelegate.m in Sources */,
				53AEED601818C1BB00940871 /* ViewController.m in Sources */,
			);
			runOnlyForDeploymentPostprocessing = 0;
		};
/* End PBXSourcesBuildPhase section */

/* Begin PBXVariantGroup section */
		53AEED4F1818C1BA00940871 /* InfoPlist.strings */ = {
			isa = PBXVariantGroup;
			children = (
				53AEED501818C1BA00940871 /* en */,
			);
			name = InfoPlist.strings;
			sourceTree = "<group>";
		};
		53AEED611818C1BB00940871 /* ViewController_iPhone.xib */ = {
			isa = PBXVariantGroup;
			children = (
				53AEED621818C1BB00940871 /* en */,
			);
			name = ViewController_iPhone.xib;
			sourceTree = "<group>";
		};
		53AEED641818C1BB00940871 /* ViewController_iPad.xib */ = {
			isa = PBXVariantGroup;
			children = (
				53AEED651818C1BB00940871 /* en */,
			);
			name = ViewController_iPad.xib;
			sourceTree = "<group>";
		};
/* End PBXVariantGroup section */

/* Begin XCBuildConfiguration section */
		53AEED671818C1BB00940871 /* Debug */ = {
			isa = XCBuildConfiguration;
			buildSettings = {
				ALWAYS_SEARCH_USER_PATHS = NO;
				CLANG_CXX_LANGUAGE_STANDARD = "gnu++0x";
				CLANG_CXX_LIBRARY = "libc++";
				CLANG_WARN_CONSTANT_CONVERSION = YES;
				CLANG_WARN_EMPTY_BODY = YES;
				CLANG_WARN_ENUM_CONVERSION = YES;
				CLANG_WARN_INT_CONVERSION = YES;
				CLANG_WARN__DUPLICATE_METHOD_MATCH = YES;
				"CODE_SIGN_IDENTITY[sdk=iphoneos*]" = "iPhone Developer";
				COPY_PHASE_STRIP = NO;
				GCC_C_LANGUAGE_STANDARD = gnu99;
				GCC_DYNAMIC_NO_PIC = NO;
				GCC_OPTIMIZATION_LEVEL = 0;
				GCC_PREPROCESSOR_DEFINITIONS = (
					"DEBUG=1",
					"$(inherited)",
				);
				GCC_SYMBOLS_PRIVATE_EXTERN = NO;
				GCC_WARN_ABOUT_RETURN_TYPE = YES;
				GCC_WARN_UNINITIALIZED_AUTOS = YES;
				GCC_WARN_UNUSED_VARIABLE = YES;
				IPHONEOS_DEPLOYMENT_TARGET = 6.1;
				ONLY_ACTIVE_ARCH = YES;
				SDKROOT = iphoneos;
				TARGETED_DEVICE_FAMILY = "1,2";
			};
			name = Debug;
		};
		53AEED681818C1BB00940871 /* Release */ = {
			isa = XCBuildConfiguration;
			buildSettings = {
				ALWAYS_SEARCH_USER_PATHS = NO;
				CLANG_CXX_LANGUAGE_STANDARD = "gnu++0x";
				CLANG_CXX_LIBRARY = "libc++";
				CLANG_WARN_CONSTANT_CONVERSION = YES;
				CLANG_WARN_EMPTY_BODY = YES;
				CLANG_WARN_ENUM_CONVERSION = YES;
				CLANG_WARN_INT_CONVERSION = YES;
				CLANG_WARN__DUPLICATE_METHOD_MATCH = YES;
				"CODE_SIGN_IDENTITY[sdk=iphoneos*]" = "iPhone Developer";
				COPY_PHASE_STRIP = YES;
				GCC_C_LANGUAGE_STANDARD = gnu99;
				GCC_WARN_ABOUT_RETURN_TYPE = YES;
				GCC_WARN_UNINITIALIZED_AUTOS = YES;
				GCC_WARN_UNUSED_VARIABLE = YES;
				IPHONEOS_DEPLOYMENT_TARGET = 6.1;
				OTHER_CFLAGS = "-DNS_BLOCK_ASSERTIONS=1";
				SDKROOT = iphoneos;
				TARGETED_DEVICE_FAMILY = "1,2";
				VALIDATE_PRODUCT = YES;
			};
			name = Release;
		};
		53AEED6A1818C1BB00940871 /* Debug */ = {
			isa = XCBuildConfiguration;
			buildSettings = {
				GCC_PRECOMPILE_PREFIX_HEADER = YES;
				GCC_PREFIX_HEADER = "Contrast/Contrast-Prefix.pch";
				INFOPLIST_FILE = "Contrast/Contrast-Info.plist";
				PRODUCT_NAME = "$(TARGET_NAME)";
				WRAPPER_EXTENSION = app;
			};
			name = Debug;
		};
		53AEED6B1818C1BB00940871 /* Release */ = {
			isa = XCBuildConfiguration;
			buildSettings = {
				GCC_PRECOMPILE_PREFIX_HEADER = YES;
				GCC_PREFIX_HEADER = "Contrast/Contrast-Prefix.pch";
				INFOPLIST_FILE = "Contrast/Contrast-Info.plist";
				PRODUCT_NAME = "$(TARGET_NAME)";
				WRAPPER_EXTENSION = app;
			};
			name = Release;
		};
/* End XCBuildConfiguration section */

/* Begin XCConfigurationList section */
		53AEED3E1818C1BA00940871 /* Build configuration list for PBXProject "Contrast" */ = {
			isa = XCConfigurationList;
			buildConfigurations = (
				53AEED671818C1BB00940871 /* Debug */,
				53AEED681818C1BB00940871 /* Release */,
			);
			defaultConfigurationIsVisible = 0;
			defaultConfigurationName = Release;
		};
		53AEED691818C1BB00940871 /* Build configuration list for PBXNativeTarget "Contrast" */ = {
			isa = XCConfigurationList;
			buildConfigurations = (
				53AEED6A1818C1BB00940871 /* Debug */,
				53AEED6B1818C1BB00940871 /* Release */,
			);
			defaultConfigurationIsVisible = 0;
		};
/* End XCConfigurationList section */
	};
	rootObject = 53AEED3B1818C1BA00940871 /* Project object */;
}
